// !$*UTF8*$!
{
	archiveVersion = 1;
	classes = {
	};
	objectVersion = 51;
	objects = {

/* Begin PBXBuildFile section */
		009758BFC8317D761AA243F1 /* Pods_UserFirebase.framework in Frameworks */ = {isa = PBXBuildFile; fileRef = 0317390F4A17E599D03E64DE /* Pods_UserFirebase.framework */; };
		9730E71223FBD57200B8340C /* AppDelegate.swift in Sources */ = {isa = PBXBuildFile; fileRef = 9730E71123FBD57200B8340C /* AppDelegate.swift */; };
		9730E71423FBD57200B8340C /* SceneDelegate.swift in Sources */ = {isa = PBXBuildFile; fileRef = 9730E71323FBD57200B8340C /* SceneDelegate.swift */; };
		9730E71923FBD57200B8340C /* Main.storyboard in Resources */ = {isa = PBXBuildFile; fileRef = 9730E71723FBD57200B8340C /* Main.storyboard */; };
		9730E71B23FBD57300B8340C /* Assets.xcassets in Resources */ = {isa = PBXBuildFile; fileRef = 9730E71A23FBD57300B8340C /* Assets.xcassets */; };
		9730E71E23FBD57300B8340C /* LaunchScreen.storyboard in Resources */ = {isa = PBXBuildFile; fileRef = 9730E71C23FBD57300B8340C /* LaunchScreen.storyboard */; };
		9730E72623FBD80D00B8340C /* GoogleService-Info.plist in Resources */ = {isa = PBXBuildFile; fileRef = 9730E72523FBD80D00B8340C /* GoogleService-Info.plist */; };
		9730E72823FBD9F800B8340C /* UserListViewController.swift in Sources */ = {isa = PBXBuildFile; fileRef = 9730E72723FBD9F800B8340C /* UserListViewController.swift */; };
		9730E72A23FBDA0A00B8340C /* UserListViewController+TableView.swift in Sources */ = {isa = PBXBuildFile; fileRef = 9730E72923FBDA0A00B8340C /* UserListViewController+TableView.swift */; };
		9730E72C23FBDA1800B8340C /* UserListViewController+Extension.swift in Sources */ = {isa = PBXBuildFile; fileRef = 9730E72B23FBDA1800B8340C /* UserListViewController+Extension.swift */; };
		9730E72F23FBDA3E00B8340C /* ProfileViewController.swift in Sources */ = {isa = PBXBuildFile; fileRef = 9730E72E23FBDA3E00B8340C /* ProfileViewController.swift */; };
		9730E73123FBDA4A00B8340C /* ProfileViewController+TableView.swift in Sources */ = {isa = PBXBuildFile; fileRef = 9730E73023FBDA4A00B8340C /* ProfileViewController+TableView.swift */; };
		9730E73323FBDA5300B8340C /* ProfileViewController+Extension.swift in Sources */ = {isa = PBXBuildFile; fileRef = 9730E73223FBDA5300B8340C /* ProfileViewController+Extension.swift */; };
		9730E73623FBDA9300B8340C /* SelectViewController.swift in Sources */ = {isa = PBXBuildFile; fileRef = 9730E73523FBDA9300B8340C /* SelectViewController.swift */; };
		9730E73823FBDAA200B8340C /* SelectViewController+Extension.swift in Sources */ = {isa = PBXBuildFile; fileRef = 9730E73723FBDAA200B8340C /* SelectViewController+Extension.swift */; };
		9730E73B23FBDB0A00B8340C /* NewUserViewController.swift in Sources */ = {isa = PBXBuildFile; fileRef = 9730E73A23FBDB0A00B8340C /* NewUserViewController.swift */; };
		9730E73D23FBDB1600B8340C /* NewUserViewController+Extension.swift in Sources */ = {isa = PBXBuildFile; fileRef = 9730E73C23FBDB1600B8340C /* NewUserViewController+Extension.swift */; };
		9730E74023FBDB6800B8340C /* ChooseUserViewController.swift in Sources */ = {isa = PBXBuildFile; fileRef = 9730E73F23FBDB6800B8340C /* ChooseUserViewController.swift */; };
		9730E74223FBDB7500B8340C /* ChooseUserViewController+Extension.swift in Sources */ = {isa = PBXBuildFile; fileRef = 9730E74123FBDB7500B8340C /* ChooseUserViewController+Extension.swift */; };
		9730E74523FBDBA400B8340C /* AddInfoViewController.swift in Sources */ = {isa = PBXBuildFile; fileRef = 9730E74423FBDBA400B8340C /* AddInfoViewController.swift */; };
		9730E74723FBDBB400B8340C /* AddInfoViewController+Extension.swift in Sources */ = {isa = PBXBuildFile; fileRef = 9730E74623FBDBB400B8340C /* AddInfoViewController+Extension.swift */; };
		9730E74B23FBDC0C00B8340C /* UsersTableViewCell.swift in Sources */ = {isa = PBXBuildFile; fileRef = 9730E74923FBDC0C00B8340C /* UsersTableViewCell.swift */; };
		9730E74C23FBDC0C00B8340C /* UsersTableViewCell.xib in Resources */ = {isa = PBXBuildFile; fileRef = 9730E74A23FBDC0C00B8340C /* UsersTableViewCell.xib */; };
		9730E75023FBDC2400B8340C /* ProfileTableViewCell.swift in Sources */ = {isa = PBXBuildFile; fileRef = 9730E74E23FBDC2400B8340C /* ProfileTableViewCell.swift */; };
		9730E75123FBDC2400B8340C /* ProfileTableViewCell.xib in Resources */ = {isa = PBXBuildFile; fileRef = 9730E74F23FBDC2400B8340C /* ProfileTableViewCell.xib */; };
		9730E75523FBDC5400B8340C /* ChooseUserTableViewCell.swift in Sources */ = {isa = PBXBuildFile; fileRef = 9730E75323FBDC5400B8340C /* ChooseUserTableViewCell.swift */; };
		9730E75623FBDC5400B8340C /* ChooseUserTableViewCell.xib in Resources */ = {isa = PBXBuildFile; fileRef = 9730E75423FBDC5400B8340C /* ChooseUserTableViewCell.xib */; };
		9730E75923FBDC6E00B8340C /* ChooseUserViewController+TableView.swift in Sources */ = {isa = PBXBuildFile; fileRef = 9730E75823FBDC6E00B8340C /* ChooseUserViewController+TableView.swift */; };
		9730E75B23FBE77500B8340C /* Class+Extension.swift in Sources */ = {isa = PBXBuildFile; fileRef = 9730E75A23FBE77500B8340C /* Class+Extension.swift */; };
		9746AC6423FC9A81009E6EDB /* UserModel.swift in Sources */ = {isa = PBXBuildFile; fileRef = 9746AC6323FC9A81009E6EDB /* UserModel.swift */; };
		9765D2FA23FDA2DA00225D9E /* Alert+Extension.swift in Sources */ = {isa = PBXBuildFile; fileRef = 9765D2F923FDA2DA00225D9E /* Alert+Extension.swift */; };
		9765D2FC23FDABF300225D9E /* UserValidation.swift in Sources */ = {isa = PBXBuildFile; fileRef = 9765D2FB23FDABF300225D9E /* UserValidation.swift */; };
		9765D2FF23FDACCA00225D9E /* NewUserViewController+TextField.swift in Sources */ = {isa = PBXBuildFile; fileRef = 9765D2FE23FDACCA00225D9E /* NewUserViewController+TextField.swift */; };
		977406E423FC569F0029453E /* PictureTableViewCell.swift in Sources */ = {isa = PBXBuildFile; fileRef = 977406E223FC569F0029453E /* PictureTableViewCell.swift */; };
		977406E523FC569F0029453E /* PictureTableViewCell.xib in Resources */ = {isa = PBXBuildFile; fileRef = 977406E323FC569F0029453E /* PictureTableViewCell.xib */; };
		97BAC8D8240082FD005D6DBB /* UIView+Extension.swift in Sources */ = {isa = PBXBuildFile; fileRef = 97BAC8D7240082FD005D6DBB /* UIView+Extension.swift */; };
		97EF32E924007BA6009581D2 /* ViewController+Extension.swift in Sources */ = {isa = PBXBuildFile; fileRef = 97EF32E824007BA6009581D2 /* ViewController+Extension.swift */; };
/* End PBXBuildFile section */

/* Begin PBXFileReference section */
		0317390F4A17E599D03E64DE /* Pods_UserFirebase.framework */ = {isa = PBXFileReference; explicitFileType = wrapper.framework; includeInIndex = 0; path = Pods_UserFirebase.framework; sourceTree = BUILT_PRODUCTS_DIR; };
		6A23A5897D4293E8F9A775B9 /* Pods-UserFirebase.release.xcconfig */ = {isa = PBXFileReference; includeInIndex = 1; lastKnownFileType = text.xcconfig; name = "Pods-UserFirebase.release.xcconfig"; path = "Target Support Files/Pods-UserFirebase/Pods-UserFirebase.release.xcconfig"; sourceTree = "<group>"; };
		9730E70E23FBD57200B8340C /* UserFirebase.app */ = {isa = PBXFileReference; explicitFileType = wrapper.application; includeInIndex = 0; path = UserFirebase.app; sourceTree = BUILT_PRODUCTS_DIR; };
		9730E71123FBD57200B8340C /* AppDelegate.swift */ = {isa = PBXFileReference; lastKnownFileType = sourcecode.swift; path = AppDelegate.swift; sourceTree = "<group>"; };
		9730E71323FBD57200B8340C /* SceneDelegate.swift */ = {isa = PBXFileReference; lastKnownFileType = sourcecode.swift; path = SceneDelegate.swift; sourceTree = "<group>"; };
		9730E71823FBD57200B8340C /* Base */ = {isa = PBXFileReference; lastKnownFileType = file.storyboard; name = Base; path = Base.lproj/Main.storyboard; sourceTree = "<group>"; };
		9730E71A23FBD57300B8340C /* Assets.xcassets */ = {isa = PBXFileReference; lastKnownFileType = folder.assetcatalog; path = Assets.xcassets; sourceTree = "<group>"; };
		9730E71D23FBD57300B8340C /* Base */ = {isa = PBXFileReference; lastKnownFileType = file.storyboard; name = Base; path = Base.lproj/LaunchScreen.storyboard; sourceTree = "<group>"; };
		9730E71F23FBD57300B8340C /* Info.plist */ = {isa = PBXFileReference; lastKnownFileType = text.plist.xml; path = Info.plist; sourceTree = "<group>"; };
		9730E72523FBD80D00B8340C /* GoogleService-Info.plist */ = {isa = PBXFileReference; fileEncoding = 4; lastKnownFileType = text.plist.xml; path = "GoogleService-Info.plist"; sourceTree = "<group>"; };
		9730E72723FBD9F800B8340C /* UserListViewController.swift */ = {isa = PBXFileReference; lastKnownFileType = sourcecode.swift; path = UserListViewController.swift; sourceTree = "<group>"; };
		9730E72923FBDA0A00B8340C /* UserListViewController+TableView.swift */ = {isa = PBXFileReference; lastKnownFileType = sourcecode.swift; path = "UserListViewController+TableView.swift"; sourceTree = "<group>"; };
		9730E72B23FBDA1800B8340C /* UserListViewController+Extension.swift */ = {isa = PBXFileReference; lastKnownFileType = sourcecode.swift; path = "UserListViewController+Extension.swift"; sourceTree = "<group>"; };
		9730E72E23FBDA3E00B8340C /* ProfileViewController.swift */ = {isa = PBXFileReference; lastKnownFileType = sourcecode.swift; path = ProfileViewController.swift; sourceTree = "<group>"; };
		9730E73023FBDA4A00B8340C /* ProfileViewController+TableView.swift */ = {isa = PBXFileReference; lastKnownFileType = sourcecode.swift; path = "ProfileViewController+TableView.swift"; sourceTree = "<group>"; };
		9730E73223FBDA5300B8340C /* ProfileViewController+Extension.swift */ = {isa = PBXFileReference; lastKnownFileType = sourcecode.swift; path = "ProfileViewController+Extension.swift"; sourceTree = "<group>"; };
		9730E73523FBDA9300B8340C /* SelectViewController.swift */ = {isa = PBXFileReference; lastKnownFileType = sourcecode.swift; path = SelectViewController.swift; sourceTree = "<group>"; };
		9730E73723FBDAA200B8340C /* SelectViewController+Extension.swift */ = {isa = PBXFileReference; lastKnownFileType = sourcecode.swift; path = "SelectViewController+Extension.swift"; sourceTree = "<group>"; };
		9730E73A23FBDB0A00B8340C /* NewUserViewController.swift */ = {isa = PBXFileReference; lastKnownFileType = sourcecode.swift; path = NewUserViewController.swift; sourceTree = "<group>"; };
		9730E73C23FBDB1600B8340C /* NewUserViewController+Extension.swift */ = {isa = PBXFileReference; lastKnownFileType = sourcecode.swift; path = "NewUserViewController+Extension.swift"; sourceTree = "<group>"; };
		9730E73F23FBDB6800B8340C /* ChooseUserViewController.swift */ = {isa = PBXFileReference; lastKnownFileType = sourcecode.swift; path = ChooseUserViewController.swift; sourceTree = "<group>"; };
		9730E74123FBDB7500B8340C /* ChooseUserViewController+Extension.swift */ = {isa = PBXFileReference; lastKnownFileType = sourcecode.swift; path = "ChooseUserViewController+Extension.swift"; sourceTree = "<group>"; };
		9730E74423FBDBA400B8340C /* AddInfoViewController.swift */ = {isa = PBXFileReference; lastKnownFileType = sourcecode.swift; path = AddInfoViewController.swift; sourceTree = "<group>"; };
		9730E74623FBDBB400B8340C /* AddInfoViewController+Extension.swift */ = {isa = PBXFileReference; lastKnownFileType = sourcecode.swift; path = "AddInfoViewController+Extension.swift"; sourceTree = "<group>"; };
		9730E74923FBDC0C00B8340C /* UsersTableViewCell.swift */ = {isa = PBXFileReference; lastKnownFileType = sourcecode.swift; path = UsersTableViewCell.swift; sourceTree = "<group>"; };
		9730E74A23FBDC0C00B8340C /* UsersTableViewCell.xib */ = {isa = PBXFileReference; lastKnownFileType = file.xib; path = UsersTableViewCell.xib; sourceTree = "<group>"; };
		9730E74E23FBDC2400B8340C /* ProfileTableViewCell.swift */ = {isa = PBXFileReference; lastKnownFileType = sourcecode.swift; path = ProfileTableViewCell.swift; sourceTree = "<group>"; };
		9730E74F23FBDC2400B8340C /* ProfileTableViewCell.xib */ = {isa = PBXFileReference; lastKnownFileType = file.xib; path = ProfileTableViewCell.xib; sourceTree = "<group>"; };
		9730E75323FBDC5400B8340C /* ChooseUserTableViewCell.swift */ = {isa = PBXFileReference; lastKnownFileType = sourcecode.swift; path = ChooseUserTableViewCell.swift; sourceTree = "<group>"; };
		9730E75423FBDC5400B8340C /* ChooseUserTableViewCell.xib */ = {isa = PBXFileReference; lastKnownFileType = file.xib; path = ChooseUserTableViewCell.xib; sourceTree = "<group>"; };
		9730E75823FBDC6E00B8340C /* ChooseUserViewController+TableView.swift */ = {isa = PBXFileReference; lastKnownFileType = sourcecode.swift; path = "ChooseUserViewController+TableView.swift"; sourceTree = "<group>"; };
		9730E75A23FBE77500B8340C /* Class+Extension.swift */ = {isa = PBXFileReference; lastKnownFileType = sourcecode.swift; path = "Class+Extension.swift"; sourceTree = "<group>"; };
		9746AC6323FC9A81009E6EDB /* UserModel.swift */ = {isa = PBXFileReference; lastKnownFileType = sourcecode.swift; path = UserModel.swift; sourceTree = "<group>"; };
		9765D2F923FDA2DA00225D9E /* Alert+Extension.swift */ = {isa = PBXFileReference; lastKnownFileType = sourcecode.swift; path = "Alert+Extension.swift"; sourceTree = "<group>"; };
		9765D2FB23FDABF300225D9E /* UserValidation.swift */ = {isa = PBXFileReference; lastKnownFileType = sourcecode.swift; path = UserValidation.swift; sourceTree = "<group>"; };
		9765D2FE23FDACCA00225D9E /* NewUserViewController+TextField.swift */ = {isa = PBXFileReference; lastKnownFileType = sourcecode.swift; path = "NewUserViewController+TextField.swift"; sourceTree = "<group>"; };
		977406E223FC569F0029453E /* PictureTableViewCell.swift */ = {isa = PBXFileReference; lastKnownFileType = sourcecode.swift; path = PictureTableViewCell.swift; sourceTree = "<group>"; };
		977406E323FC569F0029453E /* PictureTableViewCell.xib */ = {isa = PBXFileReference; lastKnownFileType = file.xib; path = PictureTableViewCell.xib; sourceTree = "<group>"; };
		97BAC8D7240082FD005D6DBB /* UIView+Extension.swift */ = {isa = PBXFileReference; lastKnownFileType = sourcecode.swift; path = "UIView+Extension.swift"; sourceTree = "<group>"; };
		97EF32E824007BA6009581D2 /* ViewController+Extension.swift */ = {isa = PBXFileReference; lastKnownFileType = sourcecode.swift; path = "ViewController+Extension.swift"; sourceTree = "<group>"; };
		B1C3788EA23D6F27949DB16F /* Pods-UserFirebase.debug.xcconfig */ = {isa = PBXFileReference; includeInIndex = 1; lastKnownFileType = text.xcconfig; name = "Pods-UserFirebase.debug.xcconfig"; path = "Target Support Files/Pods-UserFirebase/Pods-UserFirebase.debug.xcconfig"; sourceTree = "<group>"; };
/* End PBXFileReference section */

/* Begin PBXFrameworksBuildPhase section */
		9730E70B23FBD57200B8340C /* Frameworks */ = {
			isa = PBXFrameworksBuildPhase;
			buildActionMask = 2147483647;
			files = (
				009758BFC8317D761AA243F1 /* Pods_UserFirebase.framework in Frameworks */,
			);
			runOnlyForDeploymentPostprocessing = 0;
		};
/* End PBXFrameworksBuildPhase section */

/* Begin PBXGroup section */
		9730E70523FBD57200B8340C = {
			isa = PBXGroup;
			children = (
				9730E71023FBD57200B8340C /* UserFirebase */,
				9730E70F23FBD57200B8340C /* Products */,
				AEB0CF6FD7CDA3BCF6FD817A /* Pods */,
				F933B81AB3639C5FE3FC701A /* Frameworks */,
			);
			sourceTree = "<group>";
		};
		9730E70F23FBD57200B8340C /* Products */ = {
			isa = PBXGroup;
			children = (
				9730E70E23FBD57200B8340C /* UserFirebase.app */,
			);
			name = Products;
			sourceTree = "<group>";
		};
		9730E71023FBD57200B8340C /* UserFirebase */ = {
			isa = PBXGroup;
			children = (
				9730E72523FBD80D00B8340C /* GoogleService-Info.plist */,
				9730E71123FBD57200B8340C /* AppDelegate.swift */,
				9730E71323FBD57200B8340C /* SceneDelegate.swift */,
				9746AC6523FC9A85009E6EDB /* Model */,
				9765D2FD23FDABFC00225D9E /* Validation */,
				9730E73923FBDAAA00B8340C /* Select */,
				9730E72D23FBDA1C00B8340C /* UserList */,
				9730E73423FBDA5700B8340C /* Profile */,
				9730E73E23FBDB1A00B8340C /* AddNewUser */,
				9730E74323FBDB7800B8340C /* ChooseUser */,
				9730E74823FBDBB800B8340C /* AddInfo */,
				97DB022E23FBEC24005171E9 /* Storyboard */,
				9730E75C23FBE77A00B8340C /* UIExtension */,
				9730E71A23FBD57300B8340C /* Assets.xcassets */,
				9730E71C23FBD57300B8340C /* LaunchScreen.storyboard */,
				9730E71F23FBD57300B8340C /* Info.plist */,
			);
			path = UserFirebase;
			sourceTree = "<group>";
		};
		9730E72D23FBDA1C00B8340C /* UserList */ = {
			isa = PBXGroup;
			children = (
				9730E72723FBD9F800B8340C /* UserListViewController.swift */,
				9730E72923FBDA0A00B8340C /* UserListViewController+TableView.swift */,
				9730E72B23FBDA1800B8340C /* UserListViewController+Extension.swift */,
				9730E74D23FBDC0F00B8340C /* UsersCell */,
			);
			path = UserList;
			sourceTree = "<group>";
		};
		9730E73423FBDA5700B8340C /* Profile */ = {
			isa = PBXGroup;
			children = (
				9730E72E23FBDA3E00B8340C /* ProfileViewController.swift */,
				9730E73023FBDA4A00B8340C /* ProfileViewController+TableView.swift */,
				9730E73223FBDA5300B8340C /* ProfileViewController+Extension.swift */,
				9730E75223FBDC2700B8340C /* ProfileCell */,
				977406E623FC56A30029453E /* PictureCell */,
			);
			path = Profile;
			sourceTree = "<group>";
		};
		9730E73923FBDAAA00B8340C /* Select */ = {
			isa = PBXGroup;
			children = (
				9730E73523FBDA9300B8340C /* SelectViewController.swift */,
				9730E73723FBDAA200B8340C /* SelectViewController+Extension.swift */,
			);
			path = Select;
			sourceTree = "<group>";
		};
		9730E73E23FBDB1A00B8340C /* AddNewUser */ = {
			isa = PBXGroup;
			children = (
				9730E73A23FBDB0A00B8340C /* NewUserViewController.swift */,
				9730E73C23FBDB1600B8340C /* NewUserViewController+Extension.swift */,
				9765D2FE23FDACCA00225D9E /* NewUserViewController+TextField.swift */,
			);
			path = AddNewUser;
			sourceTree = "<group>";
		};
		9730E74323FBDB7800B8340C /* ChooseUser */ = {
			isa = PBXGroup;
			children = (
				9730E73F23FBDB6800B8340C /* ChooseUserViewController.swift */,
				9730E74123FBDB7500B8340C /* ChooseUserViewController+Extension.swift */,
				9730E75823FBDC6E00B8340C /* ChooseUserViewController+TableView.swift */,
				9730E75723FBDC5700B8340C /* ChooseCell */,
			);
			path = ChooseUser;
			sourceTree = "<group>";
		};
		9730E74823FBDBB800B8340C /* AddInfo */ = {
			isa = PBXGroup;
			children = (
				9730E74423FBDBA400B8340C /* AddInfoViewController.swift */,
				9730E74623FBDBB400B8340C /* AddInfoViewController+Extension.swift */,
			);
			path = AddInfo;
			sourceTree = "<group>";
		};
		9730E74D23FBDC0F00B8340C /* UsersCell */ = {
			isa = PBXGroup;
			children = (
				9730E74923FBDC0C00B8340C /* UsersTableViewCell.swift */,
				9730E74A23FBDC0C00B8340C /* UsersTableViewCell.xib */,
			);
			path = UsersCell;
			sourceTree = "<group>";
		};
		9730E75223FBDC2700B8340C /* ProfileCell */ = {
			isa = PBXGroup;
			children = (
				9730E74E23FBDC2400B8340C /* ProfileTableViewCell.swift */,
				9730E74F23FBDC2400B8340C /* ProfileTableViewCell.xib */,
			);
			path = ProfileCell;
			sourceTree = "<group>";
		};
		9730E75723FBDC5700B8340C /* ChooseCell */ = {
			isa = PBXGroup;
			children = (
				9730E75323FBDC5400B8340C /* ChooseUserTableViewCell.swift */,
				9730E75423FBDC5400B8340C /* ChooseUserTableViewCell.xib */,
			);
			path = ChooseCell;
			sourceTree = "<group>";
		};
		9730E75C23FBE77A00B8340C /* UIExtension */ = {
			isa = PBXGroup;
			children = (
				9730E75A23FBE77500B8340C /* Class+Extension.swift */,
				97EF32E824007BA6009581D2 /* ViewController+Extension.swift */,
				9765D2F923FDA2DA00225D9E /* Alert+Extension.swift */,
				97BAC8D7240082FD005D6DBB /* UIView+Extension.swift */,
			);
			path = UIExtension;
			sourceTree = "<group>";
		};
		9746AC6523FC9A85009E6EDB /* Model */ = {
			isa = PBXGroup;
			children = (
				9746AC6323FC9A81009E6EDB /* UserModel.swift */,
			);
			path = Model;
			sourceTree = "<group>";
		};
		9765D2FD23FDABFC00225D9E /* Validation */ = {
			isa = PBXGroup;
			children = (
				9765D2FB23FDABF300225D9E /* UserValidation.swift */,
			);
			path = Validation;
			sourceTree = "<group>";
		};
		977406E623FC56A30029453E /* PictureCell */ = {
			isa = PBXGroup;
			children = (
				977406E223FC569F0029453E /* PictureTableViewCell.swift */,
				977406E323FC569F0029453E /* PictureTableViewCell.xib */,
			);
			path = PictureCell;
			sourceTree = "<group>";
		};
		97DB022E23FBEC24005171E9 /* Storyboard */ = {
			isa = PBXGroup;
			children = (
				9730E71723FBD57200B8340C /* Main.storyboard */,
			);
			path = Storyboard;
			sourceTree = "<group>";
		};
		AEB0CF6FD7CDA3BCF6FD817A /* Pods */ = {
			isa = PBXGroup;
			children = (
				B1C3788EA23D6F27949DB16F /* Pods-UserFirebase.debug.xcconfig */,
				6A23A5897D4293E8F9A775B9 /* Pods-UserFirebase.release.xcconfig */,
			);
			path = Pods;
			sourceTree = "<group>";
		};
		F933B81AB3639C5FE3FC701A /* Frameworks */ = {
			isa = PBXGroup;
			children = (
				0317390F4A17E599D03E64DE /* Pods_UserFirebase.framework */,
			);
			name = Frameworks;
			sourceTree = "<group>";
		};
/* End PBXGroup section */

/* Begin PBXNativeTarget section */
		9730E70D23FBD57200B8340C /* UserFirebase */ = {
			isa = PBXNativeTarget;
			buildConfigurationList = 9730E72223FBD57300B8340C /* Build configuration list for PBXNativeTarget "UserFirebase" */;
			buildPhases = (
				FB5834FA25AA060CFC0F60BF /* [CP] Check Pods Manifest.lock */,
				9730E70A23FBD57200B8340C /* Sources */,
				9730E70B23FBD57200B8340C /* Frameworks */,
				9730E70C23FBD57200B8340C /* Resources */,
				7F46977B07D94D2740E4F463 /* [CP] Embed Pods Frameworks */,
			);
			buildRules = (
			);
			dependencies = (
			);
			name = UserFirebase;
			productName = UserFirebase;
			productReference = 9730E70E23FBD57200B8340C /* UserFirebase.app */;
			productType = "com.apple.product-type.application";
		};
/* End PBXNativeTarget section */

/* Begin PBXProject section */
		9730E70623FBD57200B8340C /* Project object */ = {
			isa = PBXProject;
			attributes = {
				LastSwiftUpdateCheck = 1130;
				LastUpgradeCheck = 1130;
				ORGANIZATIONNAME = "alexey sorochan";
				TargetAttributes = {
					9730E70D23FBD57200B8340C = {
						CreatedOnToolsVersion = 11.3.1;
					};
				};
			};
			buildConfigurationList = 9730E70923FBD57200B8340C /* Build configuration list for PBXProject "UserFirebase" */;
			compatibilityVersion = "Xcode 9.3";
			developmentRegion = en;
			hasScannedForEncodings = 0;
			knownRegions = (
				en,
				Base,
			);
			mainGroup = 9730E70523FBD57200B8340C;
			productRefGroup = 9730E70F23FBD57200B8340C /* Products */;
			projectDirPath = "";
			projectRoot = "";
			targets = (
				9730E70D23FBD57200B8340C /* UserFirebase */,
			);
		};
/* End PBXProject section */

/* Begin PBXResourcesBuildPhase section */
		9730E70C23FBD57200B8340C /* Resources */ = {
			isa = PBXResourcesBuildPhase;
			buildActionMask = 2147483647;
			files = (
				977406E523FC569F0029453E /* PictureTableViewCell.xib in Resources */,
				9730E71E23FBD57300B8340C /* LaunchScreen.storyboard in Resources */,
				9730E72623FBD80D00B8340C /* GoogleService-Info.plist in Resources */,
				9730E71B23FBD57300B8340C /* Assets.xcassets in Resources */,
				9730E74C23FBDC0C00B8340C /* UsersTableViewCell.xib in Resources */,
				9730E71923FBD57200B8340C /* Main.storyboard in Resources */,
				9730E75123FBDC2400B8340C /* ProfileTableViewCell.xib in Resources */,
				9730E75623FBDC5400B8340C /* ChooseUserTableViewCell.xib in Resources */,
			);
			runOnlyForDeploymentPostprocessing = 0;
		};
/* End PBXResourcesBuildPhase section */

/* Begin PBXShellScriptBuildPhase section */
		7F46977B07D94D2740E4F463 /* [CP] Embed Pods Frameworks */ = {
			isa = PBXShellScriptBuildPhase;
			buildActionMask = 2147483647;
			files = (
			);
			inputFileListPaths = (
				"${PODS_ROOT}/Target Support Files/Pods-UserFirebase/Pods-UserFirebase-frameworks-${CONFIGURATION}-input-files.xcfilelist",
			);
			name = "[CP] Embed Pods Frameworks";
			outputFileListPaths = (
				"${PODS_ROOT}/Target Support Files/Pods-UserFirebase/Pods-UserFirebase-frameworks-${CONFIGURATION}-output-files.xcfilelist",
			);
			runOnlyForDeploymentPostprocessing = 0;
			shellPath = /bin/sh;
			shellScript = "\"${PODS_ROOT}/Target Support Files/Pods-UserFirebase/Pods-UserFirebase-frameworks.sh\"\n";
			showEnvVarsInLog = 0;
		};
		FB5834FA25AA060CFC0F60BF /* [CP] Check Pods Manifest.lock */ = {
			isa = PBXShellScriptBuildPhase;
			buildActionMask = 2147483647;
			files = (
			);
			inputFileListPaths = (
			);
			inputPaths = (
				"${PODS_PODFILE_DIR_PATH}/Podfile.lock",
				"${PODS_ROOT}/Manifest.lock",
			);
			name = "[CP] Check Pods Manifest.lock";
			outputFileListPaths = (
			);
			outputPaths = (
				"$(DERIVED_FILE_DIR)/Pods-UserFirebase-checkManifestLockResult.txt",
			);
			runOnlyForDeploymentPostprocessing = 0;
			shellPath = /bin/sh;
			shellScript = "diff \"${PODS_PODFILE_DIR_PATH}/Podfile.lock\" \"${PODS_ROOT}/Manifest.lock\" > /dev/null\nif [ $? != 0 ] ; then\n    # print error to STDERR\n    echo \"error: The sandbox is not in sync with the Podfile.lock. Run 'pod install' or update your CocoaPods installation.\" >&2\n    exit 1\nfi\n# This output is used by Xcode 'outputs' to avoid re-running this script phase.\necho \"SUCCESS\" > \"${SCRIPT_OUTPUT_FILE_0}\"\n";
			showEnvVarsInLog = 0;
		};
/* End PBXShellScriptBuildPhase section */

/* Begin PBXSourcesBuildPhase section */
		9730E70A23FBD57200B8340C /* Sources */ = {
			isa = PBXSourcesBuildPhase;
			buildActionMask = 2147483647;
			files = (
				9730E73623FBDA9300B8340C /* SelectViewController.swift in Sources */,
				9730E72A23FBDA0A00B8340C /* UserListViewController+TableView.swift in Sources */,
				9765D2FC23FDABF300225D9E /* UserValidation.swift in Sources */,
				9730E73D23FBDB1600B8340C /* NewUserViewController+Extension.swift in Sources */,
				9730E72823FBD9F800B8340C /* UserListViewController.swift in Sources */,
				9730E75923FBDC6E00B8340C /* ChooseUserViewController+TableView.swift in Sources */,
				9730E73323FBDA5300B8340C /* ProfileViewController+Extension.swift in Sources */,
				9730E72C23FBDA1800B8340C /* UserListViewController+Extension.swift in Sources */,
				9730E75023FBDC2400B8340C /* ProfileTableViewCell.swift in Sources */,
				9746AC6423FC9A81009E6EDB /* UserModel.swift in Sources */,
				9765D2FA23FDA2DA00225D9E /* Alert+Extension.swift in Sources */,
				9730E72F23FBDA3E00B8340C /* ProfileViewController.swift in Sources */,
				9730E71223FBD57200B8340C /* AppDelegate.swift in Sources */,
				9730E73823FBDAA200B8340C /* SelectViewController+Extension.swift in Sources */,
				97EF32E924007BA6009581D2 /* ViewController+Extension.swift in Sources */,
				9730E74523FBDBA400B8340C /* AddInfoViewController.swift in Sources */,
				9730E74023FBDB6800B8340C /* ChooseUserViewController.swift in Sources */,
				9730E73123FBDA4A00B8340C /* ProfileViewController+TableView.swift in Sources */,
				9730E73B23FBDB0A00B8340C /* NewUserViewController.swift in Sources */,
				9765D2FF23FDACCA00225D9E /* NewUserViewController+TextField.swift in Sources */,
				9730E74223FBDB7500B8340C /* ChooseUserViewController+Extension.swift in Sources */,
				9730E74723FBDBB400B8340C /* AddInfoViewController+Extension.swift in Sources */,
				97BAC8D8240082FD005D6DBB /* UIView+Extension.swift in Sources */,
				9730E74B23FBDC0C00B8340C /* UsersTableViewCell.swift in Sources */,
				9730E75B23FBE77500B8340C /* Class+Extension.swift in Sources */,
				9730E71423FBD57200B8340C /* SceneDelegate.swift in Sources */,
				977406E423FC569F0029453E /* PictureTableViewCell.swift in Sources */,
				9730E75523FBDC5400B8340C /* ChooseUserTableViewCell.swift in Sources */,
			);
			runOnlyForDeploymentPostprocessing = 0;
		};
/* End PBXSourcesBuildPhase section */

/* Begin PBXVariantGroup section */
		9730E71723FBD57200B8340C /* Main.storyboard */ = {
			isa = PBXVariantGroup;
			children = (
				9730E71823FBD57200B8340C /* Base */,
			);
			name = Main.storyboard;
			sourceTree = "<group>";
		};
		9730E71C23FBD57300B8340C /* LaunchScreen.storyboard */ = {
			isa = PBXVariantGroup;
			children = (
				9730E71D23FBD57300B8340C /* Base */,
			);
			name = LaunchScreen.storyboard;
			sourceTree = "<group>";
		};
/* End PBXVariantGroup section */

/* Begin XCBuildConfiguration section */
		9730E72023FBD57300B8340C /* Debug */ = {
			isa = XCBuildConfiguration;
			buildSettings = {
				ALWAYS_SEARCH_USER_PATHS = NO;
				CLANG_ANALYZER_NONNULL = YES;
				CLANG_ANALYZER_NUMBER_OBJECT_CONVERSION = YES_AGGRESSIVE;
				CLANG_CXX_LANGUAGE_STANDARD = "gnu++14";
				CLANG_CXX_LIBRARY = "libc++";
				CLANG_ENABLE_MODULES = YES;
				CLANG_ENABLE_OBJC_ARC = YES;
				CLANG_ENABLE_OBJC_WEAK = YES;
				CLANG_WARN_BLOCK_CAPTURE_AUTORELEASING = YES;
				CLANG_WARN_BOOL_CONVERSION = YES;
				CLANG_WARN_COMMA = YES;
				CLANG_WARN_CONSTANT_CONVERSION = YES;
				CLANG_WARN_DEPRECATED_OBJC_IMPLEMENTATIONS = YES;
				CLANG_WARN_DIRECT_OBJC_ISA_USAGE = YES_ERROR;
				CLANG_WARN_DOCUMENTATION_COMMENTS = YES;
				CLANG_WARN_EMPTY_BODY = YES;
				CLANG_WARN_ENUM_CONVERSION = YES;
				CLANG_WARN_INFINITE_RECURSION = YES;
				CLANG_WARN_INT_CONVERSION = YES;
				CLANG_WARN_NON_LITERAL_NULL_CONVERSION = YES;
				CLANG_WARN_OBJC_IMPLICIT_RETAIN_SELF = YES;
				CLANG_WARN_OBJC_LITERAL_CONVERSION = YES;
				CLANG_WARN_OBJC_ROOT_CLASS = YES_ERROR;
				CLANG_WARN_RANGE_LOOP_ANALYSIS = YES;
				CLANG_WARN_STRICT_PROTOTYPES = YES;
				CLANG_WARN_SUSPICIOUS_MOVE = YES;
				CLANG_WARN_UNGUARDED_AVAILABILITY = YES_AGGRESSIVE;
				CLANG_WARN_UNREACHABLE_CODE = YES;
				CLANG_WARN__DUPLICATE_METHOD_MATCH = YES;
				COPY_PHASE_STRIP = NO;
				DEBUG_INFORMATION_FORMAT = dwarf;
				ENABLE_STRICT_OBJC_MSGSEND = YES;
				ENABLE_TESTABILITY = YES;
				GCC_C_LANGUAGE_STANDARD = gnu11;
				GCC_DYNAMIC_NO_PIC = NO;
				GCC_NO_COMMON_BLOCKS = YES;
				GCC_OPTIMIZATION_LEVEL = 0;
				GCC_PREPROCESSOR_DEFINITIONS = (
					"DEBUG=1",
					"$(inherited)",
				);
				GCC_WARN_64_TO_32_BIT_CONVERSION = YES;
				GCC_WARN_ABOUT_RETURN_TYPE = YES_ERROR;
				GCC_WARN_UNDECLARED_SELECTOR = YES;
				GCC_WARN_UNINITIALIZED_AUTOS = YES_AGGRESSIVE;
				GCC_WARN_UNUSED_FUNCTION = YES;
				GCC_WARN_UNUSED_VARIABLE = YES;
				IPHONEOS_DEPLOYMENT_TARGET = 13.2;
				MTL_ENABLE_DEBUG_INFO = INCLUDE_SOURCE;
				MTL_FAST_MATH = YES;
				ONLY_ACTIVE_ARCH = YES;
				SDKROOT = iphoneos;
				SWIFT_ACTIVE_COMPILATION_CONDITIONS = DEBUG;
				SWIFT_OPTIMIZATION_LEVEL = "-Onone";
			};
			name = Debug;
		};
		9730E72123FBD57300B8340C /* Release */ = {
			isa = XCBuildConfiguration;
			buildSettings = {
				ALWAYS_SEARCH_USER_PATHS = NO;
				CLANG_ANALYZER_NONNULL = YES;
				CLANG_ANALYZER_NUMBER_OBJECT_CONVERSION = YES_AGGRESSIVE;
				CLANG_CXX_LANGUAGE_STANDARD = "gnu++14";
				CLANG_CXX_LIBRARY = "libc++";
				CLANG_ENABLE_MODULES = YES;
				CLANG_ENABLE_OBJC_ARC = YES;
				CLANG_ENABLE_OBJC_WEAK = YES;
				CLANG_WARN_BLOCK_CAPTURE_AUTORELEASING = YES;
				CLANG_WARN_BOOL_CONVERSION = YES;
				CLANG_WARN_COMMA = YES;
				CLANG_WARN_CONSTANT_CONVERSION = YES;
				CLANG_WARN_DEPRECATED_OBJC_IMPLEMENTATIONS = YES;
				CLANG_WARN_DIRECT_OBJC_ISA_USAGE = YES_ERROR;
				CLANG_WARN_DOCUMENTATION_COMMENTS = YES;
				CLANG_WARN_EMPTY_BODY = YES;
				CLANG_WARN_ENUM_CONVERSION = YES;
				CLANG_WARN_INFINITE_RECURSION = YES;
				CLANG_WARN_INT_CONVERSION = YES;
				CLANG_WARN_NON_LITERAL_NULL_CONVERSION = YES;
				CLANG_WARN_OBJC_IMPLICIT_RETAIN_SELF = YES;
				CLANG_WARN_OBJC_LITERAL_CONVERSION = YES;
				CLANG_WARN_OBJC_ROOT_CLASS = YES_ERROR;
				CLANG_WARN_RANGE_LOOP_ANALYSIS = YES;
				CLANG_WARN_STRICT_PROTOTYPES = YES;
				CLANG_WARN_SUSPICIOUS_MOVE = YES;
				CLANG_WARN_UNGUARDED_AVAILABILITY = YES_AGGRESSIVE;
				CLANG_WARN_UNREACHABLE_CODE = YES;
				CLANG_WARN__DUPLICATE_METHOD_MATCH = YES;
				COPY_PHASE_STRIP = NO;
				DEBUG_INFORMATION_FORMAT = "dwarf-with-dsym";
				ENABLE_NS_ASSERTIONS = NO;
				ENABLE_STRICT_OBJC_MSGSEND = YES;
				GCC_C_LANGUAGE_STANDARD = gnu11;
				GCC_NO_COMMON_BLOCKS = YES;
				GCC_WARN_64_TO_32_BIT_CONVERSION = YES;
				GCC_WARN_ABOUT_RETURN_TYPE = YES_ERROR;
				GCC_WARN_UNDECLARED_SELECTOR = YES;
				GCC_WARN_UNINITIALIZED_AUTOS = YES_AGGRESSIVE;
				GCC_WARN_UNUSED_FUNCTION = YES;
				GCC_WARN_UNUSED_VARIABLE = YES;
				IPHONEOS_DEPLOYMENT_TARGET = 13.2;
				MTL_ENABLE_DEBUG_INFO = NO;
				MTL_FAST_MATH = YES;
				SDKROOT = iphoneos;
				SWIFT_COMPILATION_MODE = wholemodule;
				SWIFT_OPTIMIZATION_LEVEL = "-O";
				VALIDATE_PRODUCT = YES;
			};
			name = Release;
		};
		9730E72323FBD57300B8340C /* Debug */ = {
			isa = XCBuildConfiguration;
			baseConfigurationReference = B1C3788EA23D6F27949DB16F /* Pods-UserFirebase.debug.xcconfig */;
			buildSettings = {
				ASSETCATALOG_COMPILER_APPICON_NAME = AppIcon;
				CODE_SIGN_STYLE = Automatic;
				DEVELOPMENT_TEAM = NWX6LJCJ67;
				INFOPLIST_FILE = UserFirebase/Info.plist;
				LD_RUNPATH_SEARCH_PATHS = (
					"$(inherited)",
					"@executable_path/Frameworks",
				);
				PRODUCT_BUNDLE_IDENTIFIER = "alexey-sorochan.UserFirebase";
				PRODUCT_NAME = "$(TARGET_NAME)";
				SWIFT_VERSION = 5.0;
				TARGETED_DEVICE_FAMILY = "1,2";
			};
			name = Debug;
		};
		9730E72423FBD57300B8340C /* Release */ = {
			isa = XCBuildConfiguration;
			baseConfigurationReference = 6A23A5897D4293E8F9A775B9 /* Pods-UserFirebase.release.xcconfig */;
			buildSettings = {
				ASSETCATALOG_COMPILER_APPICON_NAME = AppIcon;
				CODE_SIGN_STYLE = Automatic;
				DEVELOPMENT_TEAM = NWX6LJCJ67;
				INFOPLIST_FILE = UserFirebase/Info.plist;
				LD_RUNPATH_SEARCH_PATHS = (
					"$(inherited)",
					"@executable_path/Frameworks",
				);
				PRODUCT_BUNDLE_IDENTIFIER = "alexey-sorochan.UserFirebase";
				PRODUCT_NAME = "$(TARGET_NAME)";
				SWIFT_VERSION = 5.0;
				TARGETED_DEVICE_FAMILY = "1,2";
			};
			name = Release;
		};
/* End XCBuildConfiguration section */

/* Begin XCConfigurationList section */
		9730E70923FBD57200B8340C /* Build configuration list for PBXProject "UserFirebase" */ = {
			isa = XCConfigurationList;
			buildConfigurations = (
				9730E72023FBD57300B8340C /* Debug */,
				9730E72123FBD57300B8340C /* Release */,
			);
			defaultConfigurationIsVisible = 0;
			defaultConfigurationName = Release;
		};
		9730E72223FBD57300B8340C /* Build configuration list for PBXNativeTarget "UserFirebase" */ = {
			isa = XCConfigurationList;
			buildConfigurations = (
				9730E72323FBD57300B8340C /* Debug */,
				9730E72423FBD57300B8340C /* Release */,
			);
			defaultConfigurationIsVisible = 0;
			defaultConfigurationName = Release;
		};
/* End XCConfigurationList section */
	};
	rootObject = 9730E70623FBD57200B8340C /* Project object */;
}
